
Microsoft Visual Studio Solution File, Format Version 12.00
# Visual Studio Version 17
VisualStudioVersion = 17.11.35222.181
MinimumVisualStudioVersion = 10.0.40219.1
Project("{FAE04EC0-301F-11D3-BF4B-00C04F79EFBC}") = "Final_Project_Vispro", "Final_Project_Vispro\Final_Project_Vispro.csproj", "{DD0ED428-0955-4F5D-8298-D4FD9329B848}"
EndProject
Global
	GlobalSection(SolutionConfigurationPlatforms) = preSolution
		Debug|Any CPU = Debug|Any CPU
		Release|Any CPU = Release|Any CPU
	EndGlobalSection
	GlobalSection(ProjectConfigurationPlatforms) = postSolution
		{DD0ED428-0955-4F5D-8298-D4FD9329B848}.Debug|Any CPU.ActiveCfg = Debug|Any CPU
		{DD0ED428-0955-4F5D-8298-D4FD9329B848}.Debug|Any CPU.Build.0 = Debug|Any CPU
		{DD0ED428-0955-4F5D-8298-D4FD9329B848}.Release|Any CPU.ActiveCfg = Release|Any CPU
		{DD0ED428-0955-4F5D-8298-D4FD9329B848}.Release|Any CPU.Build.0 = Release|Any CPU
	EndGlobalSection
	GlobalSection(SolutionProperties) = preSolution
		HideSolutionNode = FALSE
	EndGlobalSection
	GlobalSection(ExtensibilityGlobals) = postSolution
		SolutionGuid = {B86493CC-B681-4B3B-ABA0-66C5FF136763}
	EndGlobalSection
EndGlobal
